
Microsoft Visual Studio Solution File, Format Version 12.00
# Visual Studio 15
VisualStudioVersion = 15.0.28307.271
MinimumVisualStudioVersion = 10.0.40219.1
Project("{FAE04EC0-301F-11D3-BF4B-00C04F79EFBC}") = "FibonacciSequenceApp", "FibonacciSequenceApp.csproj", "{19CCFE24-060F-4881-89A9-A6A3153C79A3}"
EndProject
Global
	GlobalSection(SolutionConfigurationPlatforms) = preSolution
		Debug|Any CPU = Debug|Any CPU
		Release|Any CPU = Release|Any CPU
	EndGlobalSection
	GlobalSection(ProjectConfigurationPlatforms) = postSolution
		{19CCFE24-060F-4881-89A9-A6A3153C79A3}.Debug|Any CPU.ActiveCfg = Debug|Any CPU
		{19CCFE24-060F-4881-89A9-A6A3153C79A3}.Debug|Any CPU.Build.0 = Debug|Any CPU
		{19CCFE24-060F-4881-89A9-A6A3153C79A3}.Release|Any CPU.ActiveCfg = Release|Any CPU
		{19CCFE24-060F-4881-89A9-A6A3153C79A3}.Release|Any CPU.Build.0 = Release|Any CPU
	EndGlobalSection
	GlobalSection(SolutionProperties) = preSolution
		HideSolutionNode = FALSE
	EndGlobalSection
	GlobalSection(ExtensibilityGlobals) = postSolution
		SolutionGuid = {B5126E79-4C1D-4149-841F-BB82CE496453}
	EndGlobalSection
EndGlobal
